// !$*UTF8*$!
{
	archiveVersion = 1;
	classes = {
	};
	objectVersion = 46;
	objects = {

/* Begin PBXBuildFile section */
		0D54FD7CBE63AD11A0136EE6 /* libPods.a in Frameworks */ = {isa = PBXBuildFile; fileRef = FF9F5FB71D95D114EB279C69 /* libPods.a */; };
		B61661FB1D252555006C0E26 /* DashedTableViewCell.m in Sources */ = {isa = PBXBuildFile; fileRef = B61661F71D252555006C0E26 /* DashedTableViewCell.m */; };
		B61661FC1D252555006C0E26 /* MessageHintCell.m in Sources */ = {isa = PBXBuildFile; fileRef = B61661F91D252555006C0E26 /* MessageHintCell.m */; };
		B61661FD1D252555006C0E26 /* MessageHintCell.xib in Resources */ = {isa = PBXBuildFile; fileRef = B61661FA1D252555006C0E26 /* MessageHintCell.xib */; };
		B61662001D25255E006C0E26 /* MyWebView.m in Sources */ = {isa = PBXBuildFile; fileRef = B61661FF1D25255E006C0E26 /* MyWebView.m */; };
		B61662031D252566006C0E26 /* BaseSwipeView.m in Sources */ = {isa = PBXBuildFile; fileRef = B61662021D252566006C0E26 /* BaseSwipeView.m */; };
		B61662081D25256E006C0E26 /* BtnMaskLayer.m in Sources */ = {isa = PBXBuildFile; fileRef = B61662051D25256E006C0E26 /* BtnMaskLayer.m */; };
		B61662091D25256E006C0E26 /* MySearchBar.m in Sources */ = {isa = PBXBuildFile; fileRef = B61662071D25256E006C0E26 /* MySearchBar.m */; };
		B69FB6FD1D235C71003040BF /* main.m in Sources */ = {isa = PBXBuildFile; fileRef = B69FB6FC1D235C71003040BF /* main.m */; };
		B69FB7001D235C71003040BF /* AppDelegate.m in Sources */ = {isa = PBXBuildFile; fileRef = B69FB6FF1D235C71003040BF /* AppDelegate.m */; };
		B69FB7061D235C71003040BF /* Main.storyboard in Resources */ = {isa = PBXBuildFile; fileRef = B69FB7041D235C71003040BF /* Main.storyboard */; };
		B69FB7081D235C71003040BF /* Assets.xcassets in Resources */ = {isa = PBXBuildFile; fileRef = B69FB7071D235C71003040BF /* Assets.xcassets */; };
		B69FB70B1D235C71003040BF /* LaunchScreen.storyboard in Resources */ = {isa = PBXBuildFile; fileRef = B69FB7091D235C71003040BF /* LaunchScreen.storyboard */; };
		B69FB7161D235C71003040BF /* BusinessClassTests.m in Sources */ = {isa = PBXBuildFile; fileRef = B69FB7151D235C71003040BF /* BusinessClassTests.m */; };
		B69FB7211D235C71003040BF /* BusinessClassUITests.m in Sources */ = {isa = PBXBuildFile; fileRef = B69FB7201D235C71003040BF /* BusinessClassUITests.m */; };
		B69FB7341D23661A003040BF /* FMDBUtil.m in Sources */ = {isa = PBXBuildFile; fileRef = B69FB7331D23661A003040BF /* FMDBUtil.m */; };
		B69FB7371D236FBC003040BF /* GestureUtil.m in Sources */ = {isa = PBXBuildFile; fileRef = B69FB7361D236FBC003040BF /* GestureUtil.m */; };
		B69FB75B1D23701B003040BF /* CLLockVC.m in Sources */ = {isa = PBXBuildFile; fileRef = B69FB73B1D23701B003040BF /* CLLockVC.m */; };
		B69FB75C1D23701B003040BF /* CLLockVC.xib in Resources */ = {isa = PBXBuildFile; fileRef = B69FB73C1D23701B003040BF /* CLLockVC.xib */; };
		B69FB75D1D23701B003040BF /* CALayer+Anim.m in Sources */ = {isa = PBXBuildFile; fileRef = B69FB7401D23701B003040BF /* CALayer+Anim.m */; };
		B69FB75E1D23701B003040BF /* CoreLockConst.m in Sources */ = {isa = PBXBuildFile; fileRef = B69FB7431D23701B003040BF /* CoreLockConst.m */; };
		B69FB75F1D23701B003040BF /* CLLockNavVC.m in Sources */ = {isa = PBXBuildFile; fileRef = B69FB7461D23701B003040BF /* CLLockNavVC.m */; };
		B69FB7601D23701B003040BF /* CLLockInfoView.m in Sources */ = {isa = PBXBuildFile; fileRef = B69FB7491D23701B003040BF /* CLLockInfoView.m */; };
		B69FB7611D23701B003040BF /* CLLockItemView.m in Sources */ = {isa = PBXBuildFile; fileRef = B69FB74B1D23701B003040BF /* CLLockItemView.m */; };
		B69FB7621D23701B003040BF /* CLLockLabel.m in Sources */ = {isa = PBXBuildFile; fileRef = B69FB74D1D23701B003040BF /* CLLockLabel.m */; };
		B69FB7631D23701B003040BF /* CLLockMainView.m in Sources */ = {isa = PBXBuildFile; fileRef = B69FB74F1D23701B003040BF /* CLLockMainView.m */; };
		B69FB7641D23701B003040BF /* CLLockView.m in Sources */ = {isa = PBXBuildFile; fileRef = B69FB7511D23701B003040BF /* CLLockView.m */; };
		B69FB7651D23701B003040BF /* NSString+File.m in Sources */ = {isa = PBXBuildFile; fileRef = B69FB7561D23701B003040BF /* NSString+File.m */; };
		B69FB7661D23701B003040BF /* CoreArchive.m in Sources */ = {isa = PBXBuildFile; fileRef = B69FB7581D23701B003040BF /* CoreArchive.m */; };
		B69FB7691D2371D7003040BF /* UserDataModel.m in Sources */ = {isa = PBXBuildFile; fileRef = B69FB7681D2371D7003040BF /* UserDataModel.m */; };
		B69FB76C1D2373F2003040BF /* VersionUtil.m in Sources */ = {isa = PBXBuildFile; fileRef = B69FB76B1D2373F2003040BF /* VersionUtil.m */; };
		B69FB76F1D237632003040BF /* ViewLayerUtil.m in Sources */ = {isa = PBXBuildFile; fileRef = B69FB76E1D237632003040BF /* ViewLayerUtil.m */; };
		B69FB7721D2376BB003040BF /* WebServiceUtil.m in Sources */ = {isa = PBXBuildFile; fileRef = B69FB7711D2376BB003040BF /* WebServiceUtil.m */; };
		B69FB7891D237D1E003040BF /* NSString+getMyString.m in Sources */ = {isa = PBXBuildFile; fileRef = B69FB7761D237D1E003040BF /* NSString+getMyString.m */; };
		B69FB78A1D237D1E003040BF /* NSString+Height.m in Sources */ = {isa = PBXBuildFile; fileRef = B69FB7781D237D1E003040BF /* NSString+Height.m */; };
		B69FB78B1D237D1E003040BF /* NSString+myContains.m in Sources */ = {isa = PBXBuildFile; fileRef = B69FB77A1D237D1E003040BF /* NSString+myContains.m */; };
		B69FB78C1D237D1E003040BF /* NSString+STRegex.m in Sources */ = {isa = PBXBuildFile; fileRef = B69FB77C1D237D1E003040BF /* NSString+STRegex.m */; };
		B69FB78D1D237D1E003040BF /* UIColor+Util.m in Sources */ = {isa = PBXBuildFile; fileRef = B69FB77E1D237D1E003040BF /* UIColor+Util.m */; };
		B69FB78E1D237D1E003040BF /* UIImage+LV.m in Sources */ = {isa = PBXBuildFile; fileRef = B69FB7801D237D1E003040BF /* UIImage+LV.m */; };
		B69FB78F1D237D1E003040BF /* UITextField+KeyBoardHeader.m in Sources */ = {isa = PBXBuildFile; fileRef = B69FB7821D237D1E003040BF /* UITextField+KeyBoardHeader.m */; };
		B69FB7901D237D1E003040BF /* UITextField+LimitLength.m in Sources */ = {isa = PBXBuildFile; fileRef = B69FB7841D237D1E003040BF /* UITextField+LimitLength.m */; };
		B69FB7911D237D1E003040BF /* UITextView+canPerformAction.m in Sources */ = {isa = PBXBuildFile; fileRef = B69FB7861D237D1E003040BF /* UITextView+canPerformAction.m */; };
		B69FB7921D237D1E003040BF /* UITextView+Height.m in Sources */ = {isa = PBXBuildFile; fileRef = B69FB7881D237D1E003040BF /* UITextView+Height.m */; };
		B69FB7971D237E34003040BF /* BasePageTableView.m in Sources */ = {isa = PBXBuildFile; fileRef = B69FB7961D237E34003040BF /* BasePageTableView.m */; };
		B69FB79C1D237E5E003040BF /* BasePage2TableViewCell.m in Sources */ = {isa = PBXBuildFile; fileRef = B69FB7991D237E5E003040BF /* BasePage2TableViewCell.m */; };
		B69FB79D1D237E5E003040BF /* BasePageTableViewCell.m in Sources */ = {isa = PBXBuildFile; fileRef = B69FB79B1D237E5E003040BF /* BasePageTableViewCell.m */; };
		B69FB7AC1D2387CB003040BF /* MyBaseObject.m in Sources */ = {isa = PBXBuildFile; fileRef = B69FB7AB1D2387CB003040BF /* MyBaseObject.m */; };
		B69FB7B11D23AAA9003040BF /* TabBarController.m in Sources */ = {isa = PBXBuildFile; fileRef = B69FB7B01D23AAA9003040BF /* TabBarController.m */; };
		B69FB7B71D23B2FB003040BF /* FirstViewController.m in Sources */ = {isa = PBXBuildFile; fileRef = B69FB7B61D23B2FB003040BF /* FirstViewController.m */; };
/* End PBXBuildFile section */

/* Begin PBXContainerItemProxy section */
		B69FB7121D235C71003040BF /* PBXContainerItemProxy */ = {
			isa = PBXContainerItemProxy;
			containerPortal = B69FB6F01D235C71003040BF /* Project object */;
			proxyType = 1;
			remoteGlobalIDString = B69FB6F71D235C71003040BF;
			remoteInfo = BusinessClass;
		};
		B69FB71D1D235C71003040BF /* PBXContainerItemProxy */ = {
			isa = PBXContainerItemProxy;
			containerPortal = B69FB6F01D235C71003040BF /* Project object */;
			proxyType = 1;
			remoteGlobalIDString = B69FB6F71D235C71003040BF;
			remoteInfo = BusinessClass;
		};
/* End PBXContainerItemProxy section */

/* Begin PBXFileReference section */
		24F1FD5A186773CC107EF280 /* Pods.debug.xcconfig */ = {isa = PBXFileReference; includeInIndex = 1; lastKnownFileType = text.xcconfig; name = Pods.debug.xcconfig; path = "Pods/Target Support Files/Pods/Pods.debug.xcconfig"; sourceTree = "<group>"; };
		3D17152FF50CA3B226FE4669 /* Pods.release.xcconfig */ = {isa = PBXFileReference; includeInIndex = 1; lastKnownFileType = text.xcconfig; name = Pods.release.xcconfig; path = "Pods/Target Support Files/Pods/Pods.release.xcconfig"; sourceTree = "<group>"; };
		B61661F61D252555006C0E26 /* DashedTableViewCell.h */ = {isa = PBXFileReference; fileEncoding = 4; lastKnownFileType = sourcecode.c.h; path = DashedTableViewCell.h; sourceTree = "<group>"; };
		B61661F71D252555006C0E26 /* DashedTableViewCell.m */ = {isa = PBXFileReference; fileEncoding = 4; lastKnownFileType = sourcecode.c.objc; path = DashedTableViewCell.m; sourceTree = "<group>"; };
		B61661F81D252555006C0E26 /* MessageHintCell.h */ = {isa = PBXFileReference; fileEncoding = 4; lastKnownFileType = sourcecode.c.h; path = MessageHintCell.h; sourceTree = "<group>"; };
		B61661F91D252555006C0E26 /* MessageHintCell.m */ = {isa = PBXFileReference; fileEncoding = 4; lastKnownFileType = sourcecode.c.objc; path = MessageHintCell.m; sourceTree = "<group>"; };
		B61661FA1D252555006C0E26 /* MessageHintCell.xib */ = {isa = PBXFileReference; fileEncoding = 4; lastKnownFileType = file.xib; path = MessageHintCell.xib; sourceTree = "<group>"; };
		B61661FE1D25255E006C0E26 /* MyWebView.h */ = {isa = PBXFileReference; fileEncoding = 4; lastKnownFileType = sourcecode.c.h; path = MyWebView.h; sourceTree = "<group>"; };
		B61661FF1D25255E006C0E26 /* MyWebView.m */ = {isa = PBXFileReference; fileEncoding = 4; lastKnownFileType = sourcecode.c.objc; path = MyWebView.m; sourceTree = "<group>"; };
		B61662011D252566006C0E26 /* BaseSwipeView.h */ = {isa = PBXFileReference; fileEncoding = 4; lastKnownFileType = sourcecode.c.h; path = BaseSwipeView.h; sourceTree = "<group>"; };
		B61662021D252566006C0E26 /* BaseSwipeView.m */ = {isa = PBXFileReference; fileEncoding = 4; lastKnownFileType = sourcecode.c.objc; path = BaseSwipeView.m; sourceTree = "<group>"; };
		B61662041D25256E006C0E26 /* BtnMaskLayer.h */ = {isa = PBXFileReference; fileEncoding = 4; lastKnownFileType = sourcecode.c.h; path = BtnMaskLayer.h; sourceTree = "<group>"; };
		B61662051D25256E006C0E26 /* BtnMaskLayer.m */ = {isa = PBXFileReference; fileEncoding = 4; lastKnownFileType = sourcecode.c.objc; path = BtnMaskLayer.m; sourceTree = "<group>"; };
		B61662061D25256E006C0E26 /* MySearchBar.h */ = {isa = PBXFileReference; fileEncoding = 4; lastKnownFileType = sourcecode.c.h; path = MySearchBar.h; sourceTree = "<group>"; };
		B61662071D25256E006C0E26 /* MySearchBar.m */ = {isa = PBXFileReference; fileEncoding = 4; lastKnownFileType = sourcecode.c.objc; path = MySearchBar.m; sourceTree = "<group>"; };
		B69FB6F81D235C71003040BF /* BusinessClass.app */ = {isa = PBXFileReference; explicitFileType = wrapper.application; includeInIndex = 0; path = BusinessClass.app; sourceTree = BUILT_PRODUCTS_DIR; };
		B69FB6FC1D235C71003040BF /* main.m */ = {isa = PBXFileReference; lastKnownFileType = sourcecode.c.objc; path = main.m; sourceTree = "<group>"; };
		B69FB6FE1D235C71003040BF /* AppDelegate.h */ = {isa = PBXFileReference; lastKnownFileType = sourcecode.c.h; name = AppDelegate.h; path = ../AppDelegate.h; sourceTree = "<group>"; };
		B69FB6FF1D235C71003040BF /* AppDelegate.m */ = {isa = PBXFileReference; lastKnownFileType = sourcecode.c.objc; name = AppDelegate.m; path = ../AppDelegate.m; sourceTree = "<group>"; };
		B69FB7051D235C71003040BF /* Base */ = {isa = PBXFileReference; lastKnownFileType = file.storyboard; name = Base; path = Base.lproj/Main.storyboard; sourceTree = "<group>"; };
		B69FB7071D235C71003040BF /* Assets.xcassets */ = {isa = PBXFileReference; lastKnownFileType = folder.assetcatalog; path = Assets.xcassets; sourceTree = "<group>"; };
		B69FB70A1D235C71003040BF /* Base */ = {isa = PBXFileReference; lastKnownFileType = file.storyboard; name = Base; path = Base.lproj/LaunchScreen.storyboard; sourceTree = "<group>"; };
		B69FB70C1D235C71003040BF /* Info.plist */ = {isa = PBXFileReference; lastKnownFileType = text.plist.xml; path = Info.plist; sourceTree = "<group>"; };
		B69FB7111D235C71003040BF /* BusinessClassTests.xctest */ = {isa = PBXFileReference; explicitFileType = wrapper.cfbundle; includeInIndex = 0; path = BusinessClassTests.xctest; sourceTree = BUILT_PRODUCTS_DIR; };
		B69FB7151D235C71003040BF /* BusinessClassTests.m */ = {isa = PBXFileReference; lastKnownFileType = sourcecode.c.objc; path = BusinessClassTests.m; sourceTree = "<group>"; };
		B69FB7171D235C71003040BF /* Info.plist */ = {isa = PBXFileReference; lastKnownFileType = text.plist.xml; path = Info.plist; sourceTree = "<group>"; };
		B69FB71C1D235C71003040BF /* BusinessClassUITests.xctest */ = {isa = PBXFileReference; explicitFileType = wrapper.cfbundle; includeInIndex = 0; path = BusinessClassUITests.xctest; sourceTree = BUILT_PRODUCTS_DIR; };
		B69FB7201D235C71003040BF /* BusinessClassUITests.m */ = {isa = PBXFileReference; lastKnownFileType = sourcecode.c.objc; path = BusinessClassUITests.m; sourceTree = "<group>"; };
		B69FB7221D235C71003040BF /* Info.plist */ = {isa = PBXFileReference; lastKnownFileType = text.plist.xml; path = Info.plist; sourceTree = "<group>"; };
		B69FB7321D23661A003040BF /* FMDBUtil.h */ = {isa = PBXFileReference; fileEncoding = 4; lastKnownFileType = sourcecode.c.h; path = FMDBUtil.h; sourceTree = "<group>"; };
		B69FB7331D23661A003040BF /* FMDBUtil.m */ = {isa = PBXFileReference; fileEncoding = 4; lastKnownFileType = sourcecode.c.objc; path = FMDBUtil.m; sourceTree = "<group>"; };
		B69FB7351D236FBC003040BF /* GestureUtil.h */ = {isa = PBXFileReference; fileEncoding = 4; lastKnownFileType = sourcecode.c.h; path = GestureUtil.h; sourceTree = "<group>"; };
		B69FB7361D236FBC003040BF /* GestureUtil.m */ = {isa = PBXFileReference; fileEncoding = 4; lastKnownFileType = sourcecode.c.objc; path = GestureUtil.m; sourceTree = "<group>"; };
		B69FB73A1D23701B003040BF /* CLLockVC.h */ = {isa = PBXFileReference; fileEncoding = 4; lastKnownFileType = sourcecode.c.h; path = CLLockVC.h; sourceTree = "<group>"; };
		B69FB73B1D23701B003040BF /* CLLockVC.m */ = {isa = PBXFileReference; fileEncoding = 4; lastKnownFileType = sourcecode.c.objc; path = CLLockVC.m; sourceTree = "<group>"; };
		B69FB73C1D23701B003040BF /* CLLockVC.xib */ = {isa = PBXFileReference; fileEncoding = 4; lastKnownFileType = file.xib; path = CLLockVC.xib; sourceTree = "<group>"; };
		B69FB73F1D23701B003040BF /* CALayer+Anim.h */ = {isa = PBXFileReference; fileEncoding = 4; lastKnownFileType = sourcecode.c.h; path = "CALayer+Anim.h"; sourceTree = "<group>"; };
		B69FB7401D23701B003040BF /* CALayer+Anim.m */ = {isa = PBXFileReference; fileEncoding = 4; lastKnownFileType = sourcecode.c.objc; path = "CALayer+Anim.m"; sourceTree = "<group>"; };
		B69FB7421D23701B003040BF /* CoreLockConst.h */ = {isa = PBXFileReference; fileEncoding = 4; lastKnownFileType = sourcecode.c.h; path = CoreLockConst.h; sourceTree = "<group>"; };
		B69FB7431D23701B003040BF /* CoreLockConst.m */ = {isa = PBXFileReference; fileEncoding = 4; lastKnownFileType = sourcecode.c.objc; path = CoreLockConst.m; sourceTree = "<group>"; };
		B69FB7451D23701B003040BF /* CLLockNavVC.h */ = {isa = PBXFileReference; fileEncoding = 4; lastKnownFileType = sourcecode.c.h; path = CLLockNavVC.h; sourceTree = "<group>"; };
		B69FB7461D23701B003040BF /* CLLockNavVC.m */ = {isa = PBXFileReference; fileEncoding = 4; lastKnownFileType = sourcecode.c.objc; path = CLLockNavVC.m; sourceTree = "<group>"; };
		B69FB7481D23701B003040BF /* CLLockInfoView.h */ = {isa = PBXFileReference; fileEncoding = 4; lastKnownFileType = sourcecode.c.h; path = CLLockInfoView.h; sourceTree = "<group>"; };
		B69FB7491D23701B003040BF /* CLLockInfoView.m */ = {isa = PBXFileReference; fileEncoding = 4; lastKnownFileType = sourcecode.c.objc; path = CLLockInfoView.m; sourceTree = "<group>"; };
		B69FB74A1D23701B003040BF /* CLLockItemView.h */ = {isa = PBXFileReference; fileEncoding = 4; lastKnownFileType = sourcecode.c.h; path = CLLockItemView.h; sourceTree = "<group>"; };
		B69FB74B1D23701B003040BF /* CLLockItemView.m */ = {isa = PBXFileReference; fileEncoding = 4; lastKnownFileType = sourcecode.c.objc; path = CLLockItemView.m; sourceTree = "<group>"; };
		B69FB74C1D23701B003040BF /* CLLockLabel.h */ = {isa = PBXFileReference; fileEncoding = 4; lastKnownFileType = sourcecode.c.h; path = CLLockLabel.h; sourceTree = "<group>"; };
		B69FB74D1D23701B003040BF /* CLLockLabel.m */ = {isa = PBXFileReference; fileEncoding = 4; lastKnownFileType = sourcecode.c.objc; path = CLLockLabel.m; sourceTree = "<group>"; };
		B69FB74E1D23701B003040BF /* CLLockMainView.h */ = {isa = PBXFileReference; fileEncoding = 4; lastKnownFileType = sourcecode.c.h; path = CLLockMainView.h; sourceTree = "<group>"; };
		B69FB74F1D23701B003040BF /* CLLockMainView.m */ = {isa = PBXFileReference; fileEncoding = 4; lastKnownFileType = sourcecode.c.objc; path = CLLockMainView.m; sourceTree = "<group>"; };
		B69FB7501D23701B003040BF /* CLLockView.h */ = {isa = PBXFileReference; fileEncoding = 4; lastKnownFileType = sourcecode.c.h; path = CLLockView.h; sourceTree = "<group>"; };
		B69FB7511D23701B003040BF /* CLLockView.m */ = {isa = PBXFileReference; fileEncoding = 4; lastKnownFileType = sourcecode.c.objc; path = CLLockView.m; sourceTree = "<group>"; };
		B69FB7551D23701B003040BF /* NSString+File.h */ = {isa = PBXFileReference; fileEncoding = 4; lastKnownFileType = sourcecode.c.h; path = "NSString+File.h"; sourceTree = "<group>"; };
		B69FB7561D23701B003040BF /* NSString+File.m */ = {isa = PBXFileReference; fileEncoding = 4; lastKnownFileType = sourcecode.c.objc; path = "NSString+File.m"; sourceTree = "<group>"; };
		B69FB7571D23701B003040BF /* CoreArchive.h */ = {isa = PBXFileReference; fileEncoding = 4; lastKnownFileType = sourcecode.c.h; path = CoreArchive.h; sourceTree = "<group>"; };
		B69FB7581D23701B003040BF /* CoreArchive.m */ = {isa = PBXFileReference; fileEncoding = 4; lastKnownFileType = sourcecode.c.objc; path = CoreArchive.m; sourceTree = "<group>"; };
		B69FB75A1D23701B003040BF /* CoreConst.h */ = {isa = PBXFileReference; fileEncoding = 4; lastKnownFileType = sourcecode.c.h; path = CoreConst.h; sourceTree = "<group>"; };
		B69FB7671D2371D7003040BF /* UserDataModel.h */ = {isa = PBXFileReference; fileEncoding = 4; lastKnownFileType = sourcecode.c.h; path = UserDataModel.h; sourceTree = "<group>"; };
		B69FB7681D2371D7003040BF /* UserDataModel.m */ = {isa = PBXFileReference; fileEncoding = 4; lastKnownFileType = sourcecode.c.objc; path = UserDataModel.m; sourceTree = "<group>"; };
		B69FB76A1D2373F2003040BF /* VersionUtil.h */ = {isa = PBXFileReference; fileEncoding = 4; lastKnownFileType = sourcecode.c.h; path = VersionUtil.h; sourceTree = "<group>"; };
		B69FB76B1D2373F2003040BF /* VersionUtil.m */ = {isa = PBXFileReference; fileEncoding = 4; lastKnownFileType = sourcecode.c.objc; path = VersionUtil.m; sourceTree = "<group>"; };
		B69FB76D1D237632003040BF /* ViewLayerUtil.h */ = {isa = PBXFileReference; fileEncoding = 4; lastKnownFileType = sourcecode.c.h; path = ViewLayerUtil.h; sourceTree = "<group>"; };
		B69FB76E1D237632003040BF /* ViewLayerUtil.m */ = {isa = PBXFileReference; fileEncoding = 4; lastKnownFileType = sourcecode.c.objc; path = ViewLayerUtil.m; sourceTree = "<group>"; };
		B69FB7701D2376BB003040BF /* WebServiceUtil.h */ = {isa = PBXFileReference; fileEncoding = 4; lastKnownFileType = sourcecode.c.h; path = WebServiceUtil.h; sourceTree = "<group>"; };
		B69FB7711D2376BB003040BF /* WebServiceUtil.m */ = {isa = PBXFileReference; fileEncoding = 4; lastKnownFileType = sourcecode.c.objc; path = WebServiceUtil.m; sourceTree = "<group>"; };
		B69FB7741D237738003040BF /* BusinessClassAPI.h */ = {isa = PBXFileReference; lastKnownFileType = sourcecode.c.h; path = BusinessClassAPI.h; sourceTree = "<group>"; };
		B69FB7751D237D1E003040BF /* NSString+getMyString.h */ = {isa = PBXFileReference; fileEncoding = 4; lastKnownFileType = sourcecode.c.h; path = "NSString+getMyString.h"; sourceTree = "<group>"; };
		B69FB7761D237D1E003040BF /* NSString+getMyString.m */ = {isa = PBXFileReference; fileEncoding = 4; lastKnownFileType = sourcecode.c.objc; path = "NSString+getMyString.m"; sourceTree = "<group>"; };
		B69FB7771D237D1E003040BF /* NSString+Height.h */ = {isa = PBXFileReference; fileEncoding = 4; lastKnownFileType = sourcecode.c.h; path = "NSString+Height.h"; sourceTree = "<group>"; };
		B69FB7781D237D1E003040BF /* NSString+Height.m */ = {isa = PBXFileReference; fileEncoding = 4; lastKnownFileType = sourcecode.c.objc; path = "NSString+Height.m"; sourceTree = "<group>"; };
		B69FB7791D237D1E003040BF /* NSString+myContains.h */ = {isa = PBXFileReference; fileEncoding = 4; lastKnownFileType = sourcecode.c.h; path = "NSString+myContains.h"; sourceTree = "<group>"; };
		B69FB77A1D237D1E003040BF /* NSString+myContains.m */ = {isa = PBXFileReference; fileEncoding = 4; lastKnownFileType = sourcecode.c.objc; path = "NSString+myContains.m"; sourceTree = "<group>"; };
		B69FB77B1D237D1E003040BF /* NSString+STRegex.h */ = {isa = PBXFileReference; fileEncoding = 4; lastKnownFileType = sourcecode.c.h; path = "NSString+STRegex.h"; sourceTree = "<group>"; };
		B69FB77C1D237D1E003040BF /* NSString+STRegex.m */ = {isa = PBXFileReference; fileEncoding = 4; lastKnownFileType = sourcecode.c.objc; path = "NSString+STRegex.m"; sourceTree = "<group>"; };
		B69FB77D1D237D1E003040BF /* UIColor+Util.h */ = {isa = PBXFileReference; fileEncoding = 4; lastKnownFileType = sourcecode.c.h; path = "UIColor+Util.h"; sourceTree = "<group>"; };
		B69FB77E1D237D1E003040BF /* UIColor+Util.m */ = {isa = PBXFileReference; fileEncoding = 4; lastKnownFileType = sourcecode.c.objc; path = "UIColor+Util.m"; sourceTree = "<group>"; };
		B69FB77F1D237D1E003040BF /* UIImage+LV.h */ = {isa = PBXFileReference; fileEncoding = 4; lastKnownFileType = sourcecode.c.h; path = "UIImage+LV.h"; sourceTree = "<group>"; };
		B69FB7801D237D1E003040BF /* UIImage+LV.m */ = {isa = PBXFileReference; fileEncoding = 4; lastKnownFileType = sourcecode.c.objc; path = "UIImage+LV.m"; sourceTree = "<group>"; };
		B69FB7811D237D1E003040BF /* UITextField+KeyBoardHeader.h */ = {isa = PBXFileReference; fileEncoding = 4; lastKnownFileType = sourcecode.c.h; path = "UITextField+KeyBoardHeader.h"; sourceTree = "<group>"; };
		B69FB7821D237D1E003040BF /* UITextField+KeyBoardHeader.m */ = {isa = PBXFileReference; fileEncoding = 4; lastKnownFileType = sourcecode.c.objc; path = "UITextField+KeyBoardHeader.m"; sourceTree = "<group>"; };
		B69FB7831D237D1E003040BF /* UITextField+LimitLength.h */ = {isa = PBXFileReference; fileEncoding = 4; lastKnownFileType = sourcecode.c.h; path = "UITextField+LimitLength.h"; sourceTree = "<group>"; };
		B69FB7841D237D1E003040BF /* UITextField+LimitLength.m */ = {isa = PBXFileReference; fileEncoding = 4; lastKnownFileType = sourcecode.c.objc; path = "UITextField+LimitLength.m"; sourceTree = "<group>"; };
		B69FB7851D237D1E003040BF /* UITextView+canPerformAction.h */ = {isa = PBXFileReference; fileEncoding = 4; lastKnownFileType = sourcecode.c.h; path = "UITextView+canPerformAction.h"; sourceTree = "<group>"; };
		B69FB7861D237D1E003040BF /* UITextView+canPerformAction.m */ = {isa = PBXFileReference; fileEncoding = 4; lastKnownFileType = sourcecode.c.objc; path = "UITextView+canPerformAction.m"; sourceTree = "<group>"; };
		B69FB7871D237D1E003040BF /* UITextView+Height.h */ = {isa = PBXFileReference; fileEncoding = 4; lastKnownFileType = sourcecode.c.h; path = "UITextView+Height.h"; sourceTree = "<group>"; };
		B69FB7881D237D1E003040BF /* UITextView+Height.m */ = {isa = PBXFileReference; fileEncoding = 4; lastKnownFileType = sourcecode.c.objc; path = "UITextView+Height.m"; sourceTree = "<group>"; };
		B69FB7951D237E34003040BF /* BasePageTableView.h */ = {isa = PBXFileReference; fileEncoding = 4; lastKnownFileType = sourcecode.c.h; path = BasePageTableView.h; sourceTree = "<group>"; };
		B69FB7961D237E34003040BF /* BasePageTableView.m */ = {isa = PBXFileReference; fileEncoding = 4; lastKnownFileType = sourcecode.c.objc; path = BasePageTableView.m; sourceTree = "<group>"; };
		B69FB7981D237E5E003040BF /* BasePage2TableViewCell.h */ = {isa = PBXFileReference; fileEncoding = 4; lastKnownFileType = sourcecode.c.h; path = BasePage2TableViewCell.h; sourceTree = "<group>"; };
		B69FB7991D237E5E003040BF /* BasePage2TableViewCell.m */ = {isa = PBXFileReference; fileEncoding = 4; lastKnownFileType = sourcecode.c.objc; path = BasePage2TableViewCell.m; sourceTree = "<group>"; };
		B69FB79A1D237E5E003040BF /* BasePageTableViewCell.h */ = {isa = PBXFileReference; fileEncoding = 4; lastKnownFileType = sourcecode.c.h; path = BasePageTableViewCell.h; sourceTree = "<group>"; };
		B69FB79B1D237E5E003040BF /* BasePageTableViewCell.m */ = {isa = PBXFileReference; fileEncoding = 4; lastKnownFileType = sourcecode.c.objc; path = BasePageTableViewCell.m; sourceTree = "<group>"; };
		B69FB7AA1D2387CB003040BF /* MyBaseObject.h */ = {isa = PBXFileReference; fileEncoding = 4; lastKnownFileType = sourcecode.c.h; path = MyBaseObject.h; sourceTree = "<group>"; };
		B69FB7AB1D2387CB003040BF /* MyBaseObject.m */ = {isa = PBXFileReference; fileEncoding = 4; lastKnownFileType = sourcecode.c.objc; path = MyBaseObject.m; sourceTree = "<group>"; };
		B69FB7AF1D23AAA9003040BF /* TabBarController.h */ = {isa = PBXFileReference; fileEncoding = 4; lastKnownFileType = sourcecode.c.h; path = TabBarController.h; sourceTree = "<group>"; };
		B69FB7B01D23AAA9003040BF /* TabBarController.m */ = {isa = PBXFileReference; fileEncoding = 4; lastKnownFileType = sourcecode.c.objc; path = TabBarController.m; sourceTree = "<group>"; };
		B69FB7B51D23B2FB003040BF /* FirstViewController.h */ = {isa = PBXFileReference; fileEncoding = 4; lastKnownFileType = sourcecode.c.h; path = FirstViewController.h; sourceTree = "<group>"; };
		B69FB7B61D23B2FB003040BF /* FirstViewController.m */ = {isa = PBXFileReference; fileEncoding = 4; lastKnownFileType = sourcecode.c.objc; path = FirstViewController.m; sourceTree = "<group>"; };
		FF9F5FB71D95D114EB279C69 /* libPods.a */ = {isa = PBXFileReference; explicitFileType = archive.ar; includeInIndex = 0; path = libPods.a; sourceTree = BUILT_PRODUCTS_DIR; };
/* End PBXFileReference section */

/* Begin PBXFrameworksBuildPhase section */
		B69FB6F51D235C71003040BF /* Frameworks */ = {
			isa = PBXFrameworksBuildPhase;
			buildActionMask = 2147483647;
			files = (
				0D54FD7CBE63AD11A0136EE6 /* libPods.a in Frameworks */,
			);
			runOnlyForDeploymentPostprocessing = 0;
		};
		B69FB70E1D235C71003040BF /* Frameworks */ = {
			isa = PBXFrameworksBuildPhase;
			buildActionMask = 2147483647;
			files = (
			);
			runOnlyForDeploymentPostprocessing = 0;
		};
		B69FB7191D235C71003040BF /* Frameworks */ = {
			isa = PBXFrameworksBuildPhase;
			buildActionMask = 2147483647;
			files = (
			);
			runOnlyForDeploymentPostprocessing = 0;
		};
/* End PBXFrameworksBuildPhase section */

/* Begin PBXGroup section */
		7AA9A46E8CD1E2AA4422ADF3 /* Pods */ = {
			isa = PBXGroup;
			children = (
				24F1FD5A186773CC107EF280 /* Pods.debug.xcconfig */,
				3D17152FF50CA3B226FE4669 /* Pods.release.xcconfig */,
			);
			name = Pods;
			sourceTree = "<group>";
		};
		B61661F21D25245F006C0E26 /* SearchBar */ = {
			isa = PBXGroup;
			children = (
				B61662041D25256E006C0E26 /* BtnMaskLayer.h */,
				B61662051D25256E006C0E26 /* BtnMaskLayer.m */,
				B61662061D25256E006C0E26 /* MySearchBar.h */,
				B61662071D25256E006C0E26 /* MySearchBar.m */,
			);
			path = SearchBar;
			sourceTree = "<group>";
		};
		B61661F31D25247B006C0E26 /* SwipeView */ = {
			isa = PBXGroup;
			children = (
				B61662011D252566006C0E26 /* BaseSwipeView.h */,
				B61662021D252566006C0E26 /* BaseSwipeView.m */,
			);
			path = SwipeView;
			sourceTree = "<group>";
		};
		B61661F41D252491006C0E26 /* WebView */ = {
			isa = PBXGroup;
			children = (
				B61661FE1D25255E006C0E26 /* MyWebView.h */,
				B61661FF1D25255E006C0E26 /* MyWebView.m */,
			);
			path = WebView;
			sourceTree = "<group>";
		};
		B61661F51D2524BF006C0E26 /* SpecTableViewCell */ = {
			isa = PBXGroup;
			children = (
				B61661F61D252555006C0E26 /* DashedTableViewCell.h */,
				B61661F71D252555006C0E26 /* DashedTableViewCell.m */,
				B61661F81D252555006C0E26 /* MessageHintCell.h */,
				B61661F91D252555006C0E26 /* MessageHintCell.m */,
				B61661FA1D252555006C0E26 /* MessageHintCell.xib */,
			);
			path = SpecTableViewCell;
			sourceTree = "<group>";
		};
		B69FB6EF1D235C71003040BF = {
			isa = PBXGroup;
			children = (
				B69FB6FA1D235C71003040BF /* BusinessClass */,
				B69FB7141D235C71003040BF /* BusinessClassTests */,
				B69FB71F1D235C71003040BF /* BusinessClassUITests */,
				B69FB6F91D235C71003040BF /* Products */,
				7AA9A46E8CD1E2AA4422ADF3 /* Pods */,
				C1694842CCFB341E54B593AC /* Frameworks */,
			);
			sourceTree = "<group>";
		};
		B69FB6F91D235C71003040BF /* Products */ = {
			isa = PBXGroup;
			children = (
				B69FB6F81D235C71003040BF /* BusinessClass.app */,
				B69FB7111D235C71003040BF /* BusinessClassTests.xctest */,
				B69FB71C1D235C71003040BF /* BusinessClassUITests.xctest */,
			);
			name = Products;
			sourceTree = "<group>";
		};
		B69FB6FA1D235C71003040BF /* BusinessClass */ = {
			isa = PBXGroup;
			children = (
				B69FB7AD1D23AA8D003040BF /* Controllers */,
				B69FB7731D23771D003040BF /* Applications */,
				B69FB7311D235CD3003040BF /* Models */,
				B69FB7301D235CBB003040BF /* Views */,
				B69FB72E1D235C8A003040BF /* Utils */,
				B69FB72F1D235C99003040BF /* Categories */,
				B69FB7B51D23B2FB003040BF /* FirstViewController.h */,
				B69FB7B61D23B2FB003040BF /* FirstViewController.m */,
				B69FB7041D235C71003040BF /* Main.storyboard */,
				B69FB7071D235C71003040BF /* Assets.xcassets */,
				B69FB7091D235C71003040BF /* LaunchScreen.storyboard */,
				B69FB70C1D235C71003040BF /* Info.plist */,
				B69FB6FB1D235C71003040BF /* Supporting Files */,
			);
			path = BusinessClass;
			sourceTree = "<group>";
		};
		B69FB6FB1D235C71003040BF /* Supporting Files */ = {
			isa = PBXGroup;
			children = (
				B69FB6FC1D235C71003040BF /* main.m */,
			);
			name = "Supporting Files";
			sourceTree = "<group>";
		};
		B69FB7141D235C71003040BF /* BusinessClassTests */ = {
			isa = PBXGroup;
			children = (
				B69FB7151D235C71003040BF /* BusinessClassTests.m */,
				B69FB7171D235C71003040BF /* Info.plist */,
			);
			path = BusinessClassTests;
			sourceTree = "<group>";
		};
		B69FB71F1D235C71003040BF /* BusinessClassUITests */ = {
			isa = PBXGroup;
			children = (
				B69FB7201D235C71003040BF /* BusinessClassUITests.m */,
				B69FB7221D235C71003040BF /* Info.plist */,
			);
			path = BusinessClassUITests;
			sourceTree = "<group>";
		};
		B69FB72E1D235C8A003040BF /* Utils */ = {
			isa = PBXGroup;
			children = (
				B69FB7321D23661A003040BF /* FMDBUtil.h */,
				B69FB7331D23661A003040BF /* FMDBUtil.m */,
				B69FB7351D236FBC003040BF /* GestureUtil.h */,
				B69FB7361D236FBC003040BF /* GestureUtil.m */,
				B69FB76A1D2373F2003040BF /* VersionUtil.h */,
				B69FB76B1D2373F2003040BF /* VersionUtil.m */,
				B69FB76D1D237632003040BF /* ViewLayerUtil.h */,
				B69FB76E1D237632003040BF /* ViewLayerUtil.m */,
				B69FB7701D2376BB003040BF /* WebServiceUtil.h */,
				B69FB7711D2376BB003040BF /* WebServiceUtil.m */,
			);
			path = Utils;
			sourceTree = "<group>";
		};
		B69FB72F1D235C99003040BF /* Categories */ = {
			isa = PBXGroup;
			children = (
				B69FB7751D237D1E003040BF /* NSString+getMyString.h */,
				B69FB7761D237D1E003040BF /* NSString+getMyString.m */,
				B69FB7771D237D1E003040BF /* NSString+Height.h */,
				B69FB7781D237D1E003040BF /* NSString+Height.m */,
				B69FB7791D237D1E003040BF /* NSString+myContains.h */,
				B69FB77A1D237D1E003040BF /* NSString+myContains.m */,
				B69FB77B1D237D1E003040BF /* NSString+STRegex.h */,
				B69FB77C1D237D1E003040BF /* NSString+STRegex.m */,
				B69FB77D1D237D1E003040BF /* UIColor+Util.h */,
				B69FB77E1D237D1E003040BF /* UIColor+Util.m */,
				B69FB77F1D237D1E003040BF /* UIImage+LV.h */,
				B69FB7801D237D1E003040BF /* UIImage+LV.m */,
				B69FB7811D237D1E003040BF /* UITextField+KeyBoardHeader.h */,
				B69FB7821D237D1E003040BF /* UITextField+KeyBoardHeader.m */,
				B69FB7831D237D1E003040BF /* UITextField+LimitLength.h */,
				B69FB7841D237D1E003040BF /* UITextField+LimitLength.m */,
				B69FB7851D237D1E003040BF /* UITextView+canPerformAction.h */,
				B69FB7861D237D1E003040BF /* UITextView+canPerformAction.m */,
				B69FB7871D237D1E003040BF /* UITextView+Height.h */,
				B69FB7881D237D1E003040BF /* UITextView+Height.m */,
			);
			path = Categories;
			sourceTree = "<group>";
		};
		B69FB7301D235CBB003040BF /* Views */ = {
			isa = PBXGroup;
			children = (
				B61661F51D2524BF006C0E26 /* SpecTableViewCell */,
				B61661F41D252491006C0E26 /* WebView */,
				B61661F31D25247B006C0E26 /* SwipeView */,
				B61661F21D25245F006C0E26 /* SearchBar */,
				B69FB7941D237E29003040BF /* Cell */,
				B69FB7931D237E11003040BF /* TableView */,
				B69FB7381D23701B003040BF /* CoreLock */,
			);
			path = Views;
			sourceTree = "<group>";
		};
		B69FB7311D235CD3003040BF /* Models */ = {
			isa = PBXGroup;
			children = (
				B69FB7671D2371D7003040BF /* UserDataModel.h */,
				B69FB7681D2371D7003040BF /* UserDataModel.m */,
				B69FB7AA1D2387CB003040BF /* MyBaseObject.h */,
				B69FB7AB1D2387CB003040BF /* MyBaseObject.m */,
			);
			path = Models;
			sourceTree = "<group>";
		};
		B69FB7381D23701B003040BF /* CoreLock */ = {
			isa = PBXGroup;
			children = (
				B69FB7391D23701B003040BF /* CoreLock */,
				B69FB7521D23701B003040BF /* FrameWork */,
			);
			path = CoreLock;
			sourceTree = "<group>";
		};
		B69FB7391D23701B003040BF /* CoreLock */ = {
			isa = PBXGroup;
			children = (
				B69FB73A1D23701B003040BF /* CLLockVC.h */,
				B69FB73B1D23701B003040BF /* CLLockVC.m */,
				B69FB73C1D23701B003040BF /* CLLockVC.xib */,
				B69FB73D1D23701B003040BF /* Lib */,
			);
			path = CoreLock;
			sourceTree = "<group>";
		};
		B69FB73D1D23701B003040BF /* Lib */ = {
			isa = PBXGroup;
			children = (
				B69FB73E1D23701B003040BF /* Category */,
				B69FB7411D23701B003040BF /* Const */,
				B69FB7441D23701B003040BF /* Controller */,
				B69FB7471D23701B003040BF /* View */,
			);
			path = Lib;
			sourceTree = "<group>";
		};
		B69FB73E1D23701B003040BF /* Category */ = {
			isa = PBXGroup;
			children = (
				B69FB73F1D23701B003040BF /* CALayer+Anim.h */,
				B69FB7401D23701B003040BF /* CALayer+Anim.m */,
			);
			path = Category;
			sourceTree = "<group>";
		};
		B69FB7411D23701B003040BF /* Const */ = {
			isa = PBXGroup;
			children = (
				B69FB7421D23701B003040BF /* CoreLockConst.h */,
				B69FB7431D23701B003040BF /* CoreLockConst.m */,
			);
			path = Const;
			sourceTree = "<group>";
		};
		B69FB7441D23701B003040BF /* Controller */ = {
			isa = PBXGroup;
			children = (
				B69FB7451D23701B003040BF /* CLLockNavVC.h */,
				B69FB7461D23701B003040BF /* CLLockNavVC.m */,
			);
			path = Controller;
			sourceTree = "<group>";
		};
		B69FB7471D23701B003040BF /* View */ = {
			isa = PBXGroup;
			children = (
				B69FB7481D23701B003040BF /* CLLockInfoView.h */,
				B69FB7491D23701B003040BF /* CLLockInfoView.m */,
				B69FB74A1D23701B003040BF /* CLLockItemView.h */,
				B69FB74B1D23701B003040BF /* CLLockItemView.m */,
				B69FB74C1D23701B003040BF /* CLLockLabel.h */,
				B69FB74D1D23701B003040BF /* CLLockLabel.m */,
				B69FB74E1D23701B003040BF /* CLLockMainView.h */,
				B69FB74F1D23701B003040BF /* CLLockMainView.m */,
				B69FB7501D23701B003040BF /* CLLockView.h */,
				B69FB7511D23701B003040BF /* CLLockView.m */,
			);
			path = View;
			sourceTree = "<group>";
		};
		B69FB7521D23701B003040BF /* FrameWork */ = {
			isa = PBXGroup;
			children = (
				B69FB7531D23701B003040BF /* CoreArchive */,
				B69FB7591D23701B003040BF /* CoreExtend */,
			);
			path = FrameWork;
			sourceTree = "<group>";
		};
		B69FB7531D23701B003040BF /* CoreArchive */ = {
			isa = PBXGroup;
			children = (
				B69FB7541D23701B003040BF /* Category */,
				B69FB7571D23701B003040BF /* CoreArchive.h */,
				B69FB7581D23701B003040BF /* CoreArchive.m */,
			);
			path = CoreArchive;
			sourceTree = "<group>";
		};
		B69FB7541D23701B003040BF /* Category */ = {
			isa = PBXGroup;
			children = (
				B69FB7551D23701B003040BF /* NSString+File.h */,
				B69FB7561D23701B003040BF /* NSString+File.m */,
			);
			path = Category;
			sourceTree = "<group>";
		};
		B69FB7591D23701B003040BF /* CoreExtend */ = {
			isa = PBXGroup;
			children = (
				B69FB75A1D23701B003040BF /* CoreConst.h */,
			);
			path = CoreExtend;
			sourceTree = "<group>";
		};
		B69FB7731D23771D003040BF /* Applications */ = {
			isa = PBXGroup;
			children = (
				B69FB6FE1D235C71003040BF /* AppDelegate.h */,
				B69FB6FF1D235C71003040BF /* AppDelegate.m */,
				B69FB7741D237738003040BF /* BusinessClassAPI.h */,
			);
			path = Applications;
			sourceTree = "<group>";
		};
		B69FB7931D237E11003040BF /* TableView */ = {
			isa = PBXGroup;
			children = (
				B69FB7951D237E34003040BF /* BasePageTableView.h */,
				B69FB7961D237E34003040BF /* BasePageTableView.m */,
			);
			path = TableView;
			sourceTree = "<group>";
		};
		B69FB7941D237E29003040BF /* Cell */ = {
			isa = PBXGroup;
			children = (
				B69FB7981D237E5E003040BF /* BasePage2TableViewCell.h */,
				B69FB7991D237E5E003040BF /* BasePage2TableViewCell.m */,
				B69FB79A1D237E5E003040BF /* BasePageTableViewCell.h */,
				B69FB79B1D237E5E003040BF /* BasePageTableViewCell.m */,
			);
			path = Cell;
			sourceTree = "<group>";
		};
		B69FB7AD1D23AA8D003040BF /* Controllers */ = {
			isa = PBXGroup;
			children = (
				B69FB7AE1D23AA99003040BF /* TabBar */,
			);
			path = Controllers;
			sourceTree = "<group>";
		};
		B69FB7AE1D23AA99003040BF /* TabBar */ = {
			isa = PBXGroup;
			children = (
				B69FB7AF1D23AAA9003040BF /* TabBarController.h */,
				B69FB7B01D23AAA9003040BF /* TabBarController.m */,
			);
			path = TabBar;
			sourceTree = "<group>";
		};
		C1694842CCFB341E54B593AC /* Frameworks */ = {
			isa = PBXGroup;
			children = (
				FF9F5FB71D95D114EB279C69 /* libPods.a */,
			);
			name = Frameworks;
			sourceTree = "<group>";
		};
/* End PBXGroup section */

/* Begin PBXNativeTarget section */
		B69FB6F71D235C71003040BF /* BusinessClass */ = {
			isa = PBXNativeTarget;
			buildConfigurationList = B69FB7251D235C71003040BF /* Build configuration list for PBXNativeTarget "BusinessClass" */;
			buildPhases = (
				5F4DCB9FE2A2D275525E1884 /* Check Pods Manifest.lock */,
				B69FB6F41D235C71003040BF /* Sources */,
				B69FB6F51D235C71003040BF /* Frameworks */,
				B69FB6F61D235C71003040BF /* Resources */,
				0190B96442149C177138ED5B /* Embed Pods Frameworks */,
				26F6BB74F0E1095DE6C32DE8 /* Copy Pods Resources */,
			);
			buildRules = (
			);
			dependencies = (
			);
			name = BusinessClass;
			productName = BusinessClass;
			productReference = B69FB6F81D235C71003040BF /* BusinessClass.app */;
			productType = "com.apple.product-type.application";
		};
		B69FB7101D235C71003040BF /* BusinessClassTests */ = {
			isa = PBXNativeTarget;
			buildConfigurationList = B69FB7281D235C71003040BF /* Build configuration list for PBXNativeTarget "BusinessClassTests" */;
			buildPhases = (
				B69FB70D1D235C71003040BF /* Sources */,
				B69FB70E1D235C71003040BF /* Frameworks */,
				B69FB70F1D235C71003040BF /* Resources */,
			);
			buildRules = (
			);
			dependencies = (
				B69FB7131D235C71003040BF /* PBXTargetDependency */,
			);
			name = BusinessClassTests;
			productName = BusinessClassTests;
			productReference = B69FB7111D235C71003040BF /* BusinessClassTests.xctest */;
			productType = "com.apple.product-type.bundle.unit-test";
		};
		B69FB71B1D235C71003040BF /* BusinessClassUITests */ = {
			isa = PBXNativeTarget;
			buildConfigurationList = B69FB72B1D235C71003040BF /* Build configuration list for PBXNativeTarget "BusinessClassUITests" */;
			buildPhases = (
				B69FB7181D235C71003040BF /* Sources */,
				B69FB7191D235C71003040BF /* Frameworks */,
				B69FB71A1D235C71003040BF /* Resources */,
			);
			buildRules = (
			);
			dependencies = (
				B69FB71E1D235C71003040BF /* PBXTargetDependency */,
			);
			name = BusinessClassUITests;
			productName = BusinessClassUITests;
			productReference = B69FB71C1D235C71003040BF /* BusinessClassUITests.xctest */;
			productType = "com.apple.product-type.bundle.ui-testing";
		};
/* End PBXNativeTarget section */

/* Begin PBXProject section */
		B69FB6F01D235C71003040BF /* Project object */ = {
			isa = PBXProject;
			attributes = {
				LastUpgradeCheck = 0720;
				ORGANIZATIONNAME = liyang;
				TargetAttributes = {
					B69FB6F71D235C71003040BF = {
						CreatedOnToolsVersion = 7.2;
					};
					B69FB7101D235C71003040BF = {
						CreatedOnToolsVersion = 7.2;
						TestTargetID = B69FB6F71D235C71003040BF;
					};
					B69FB71B1D235C71003040BF = {
						CreatedOnToolsVersion = 7.2;
						TestTargetID = B69FB6F71D235C71003040BF;
					};
				};
			};
			buildConfigurationList = B69FB6F31D235C71003040BF /* Build configuration list for PBXProject "BusinessClass" */;
			compatibilityVersion = "Xcode 3.2";
			developmentRegion = English;
			hasScannedForEncodings = 0;
			knownRegions = (
				en,
				Base,
			);
			mainGroup = B69FB6EF1D235C71003040BF;
			productRefGroup = B69FB6F91D235C71003040BF /* Products */;
			projectDirPath = "";
			projectRoot = "";
			targets = (
				B69FB6F71D235C71003040BF /* BusinessClass */,
				B69FB7101D235C71003040BF /* BusinessClassTests */,
				B69FB71B1D235C71003040BF /* BusinessClassUITests */,
			);
		};
/* End PBXProject section */

/* Begin PBXResourcesBuildPhase section */
		B69FB6F61D235C71003040BF /* Resources */ = {
			isa = PBXResourcesBuildPhase;
			buildActionMask = 2147483647;
			files = (
				B69FB70B1D235C71003040BF /* LaunchScreen.storyboard in Resources */,
				B69FB7081D235C71003040BF /* Assets.xcassets in Resources */,
				B61661FD1D252555006C0E26 /* MessageHintCell.xib in Resources */,
				B69FB75C1D23701B003040BF /* CLLockVC.xib in Resources */,
				B69FB7061D235C71003040BF /* Main.storyboard in Resources */,
			);
			runOnlyForDeploymentPostprocessing = 0;
		};
		B69FB70F1D235C71003040BF /* Resources */ = {
			isa = PBXResourcesBuildPhase;
			buildActionMask = 2147483647;
			files = (
			);
			runOnlyForDeploymentPostprocessing = 0;
		};
		B69FB71A1D235C71003040BF /* Resources */ = {
			isa = PBXResourcesBuildPhase;
			buildActionMask = 2147483647;
			files = (
			);
			runOnlyForDeploymentPostprocessing = 0;
		};
/* End PBXResourcesBuildPhase section */

/* Begin PBXShellScriptBuildPhase section */
		0190B96442149C177138ED5B /* Embed Pods Frameworks */ = {
			isa = PBXShellScriptBuildPhase;
			buildActionMask = 2147483647;
			files = (
			);
			inputPaths = (
			);
			name = "Embed Pods Frameworks";
			outputPaths = (
			);
			runOnlyForDeploymentPostprocessing = 0;
			shellPath = /bin/sh;
			shellScript = "\"${SRCROOT}/Pods/Target Support Files/Pods/Pods-frameworks.sh\"\n";
			showEnvVarsInLog = 0;
		};
		26F6BB74F0E1095DE6C32DE8 /* Copy Pods Resources */ = {
			isa = PBXShellScriptBuildPhase;
			buildActionMask = 2147483647;
			files = (
			);
			inputPaths = (
			);
			name = "Copy Pods Resources";
			outputPaths = (
			);
			runOnlyForDeploymentPostprocessing = 0;
			shellPath = /bin/sh;
			shellScript = "\"${SRCROOT}/Pods/Target Support Files/Pods/Pods-resources.sh\"\n";
			showEnvVarsInLog = 0;
		};
		5F4DCB9FE2A2D275525E1884 /* Check Pods Manifest.lock */ = {
			isa = PBXShellScriptBuildPhase;
			buildActionMask = 2147483647;
			files = (
			);
			inputPaths = (
			);
			name = "Check Pods Manifest.lock";
			outputPaths = (
			);
			runOnlyForDeploymentPostprocessing = 0;
			shellPath = /bin/sh;
			shellScript = "diff \"${PODS_ROOT}/../Podfile.lock\" \"${PODS_ROOT}/Manifest.lock\" > /dev/null\nif [[ $? != 0 ]] ; then\n    cat << EOM\nerror: The sandbox is not in sync with the Podfile.lock. Run 'pod install' or update your CocoaPods installation.\nEOM\n    exit 1\nfi\n";
			showEnvVarsInLog = 0;
		};
/* End PBXShellScriptBuildPhase section */

/* Begin PBXSourcesBuildPhase section */
		B69FB6F41D235C71003040BF /* Sources */ = {
			isa = PBXSourcesBuildPhase;
			buildActionMask = 2147483647;
			files = (
				B69FB79C1D237E5E003040BF /* BasePage2TableViewCell.m in Sources */,
				B69FB7721D2376BB003040BF /* WebServiceUtil.m in Sources */,
				B69FB7641D23701B003040BF /* CLLockView.m in Sources */,
				B61661FC1D252555006C0E26 /* MessageHintCell.m in Sources */,
				B69FB79D1D237E5E003040BF /* BasePageTableViewCell.m in Sources */,
				B69FB7621D23701B003040BF /* CLLockLabel.m in Sources */,
				B69FB7911D237D1E003040BF /* UITextView+canPerformAction.m in Sources */,
				B69FB7B71D23B2FB003040BF /* FirstViewController.m in Sources */,
				B69FB75D1D23701B003040BF /* CALayer+Anim.m in Sources */,
				B69FB78B1D237D1E003040BF /* NSString+myContains.m in Sources */,
				B69FB7661D23701B003040BF /* CoreArchive.m in Sources */,
				B69FB76C1D2373F2003040BF /* VersionUtil.m in Sources */,
				B69FB7AC1D2387CB003040BF /* MyBaseObject.m in Sources */,
				B61661FB1D252555006C0E26 /* DashedTableViewCell.m in Sources */,
				B69FB7341D23661A003040BF /* FMDBUtil.m in Sources */,
				B69FB7691D2371D7003040BF /* UserDataModel.m in Sources */,
				B69FB7921D237D1E003040BF /* UITextView+Height.m in Sources */,
				B69FB7601D23701B003040BF /* CLLockInfoView.m in Sources */,
				B69FB7971D237E34003040BF /* BasePageTableView.m in Sources */,
				B69FB7B11D23AAA9003040BF /* TabBarController.m in Sources */,
				B69FB78A1D237D1E003040BF /* NSString+Height.m in Sources */,
				B69FB75F1D23701B003040BF /* CLLockNavVC.m in Sources */,
				B69FB7651D23701B003040BF /* NSString+File.m in Sources */,
				B69FB78D1D237D1E003040BF /* UIColor+Util.m in Sources */,
				B69FB7901D237D1E003040BF /* UITextField+LimitLength.m in Sources */,
				B61662001D25255E006C0E26 /* MyWebView.m in Sources */,
				B69FB75E1D23701B003040BF /* CoreLockConst.m in Sources */,
				B61662031D252566006C0E26 /* BaseSwipeView.m in Sources */,
				B69FB7891D237D1E003040BF /* NSString+getMyString.m in Sources */,
				B69FB7001D235C71003040BF /* AppDelegate.m in Sources */,
				B69FB7611D23701B003040BF /* CLLockItemView.m in Sources */,
				B69FB78C1D237D1E003040BF /* NSString+STRegex.m in Sources */,
				B69FB7371D236FBC003040BF /* GestureUtil.m in Sources */,
				B69FB75B1D23701B003040BF /* CLLockVC.m in Sources */,
				B69FB6FD1D235C71003040BF /* main.m in Sources */,
				B61662091D25256E006C0E26 /* MySearchBar.m in Sources */,
				B69FB78E1D237D1E003040BF /* UIImage+LV.m in Sources */,
				B69FB76F1D237632003040BF /* ViewLayerUtil.m in Sources */,
				B69FB7631D23701B003040BF /* CLLockMainView.m in Sources */,
				B61662081D25256E006C0E26 /* BtnMaskLayer.m in Sources */,
				B69FB78F1D237D1E003040BF /* UITextField+KeyBoardHeader.m in Sources */,
			);
			runOnlyForDeploymentPostprocessing = 0;
		};
		B69FB70D1D235C71003040BF /* Sources */ = {
			isa = PBXSourcesBuildPhase;
			buildActionMask = 2147483647;
			files = (
				B69FB7161D235C71003040BF /* BusinessClassTests.m in Sources */,
			);
			runOnlyForDeploymentPostprocessing = 0;
		};
		B69FB7181D235C71003040BF /* Sources */ = {
			isa = PBXSourcesBuildPhase;
			buildActionMask = 2147483647;
			files = (
				B69FB7211D235C71003040BF /* BusinessClassUITests.m in Sources */,
			);
			runOnlyForDeploymentPostprocessing = 0;
		};
/* End PBXSourcesBuildPhase section */

/* Begin PBXTargetDependency section */
		B69FB7131D235C71003040BF /* PBXTargetDependency */ = {
			isa = PBXTargetDependency;
			target = B69FB6F71D235C71003040BF /* BusinessClass */;
			targetProxy = B69FB7121D235C71003040BF /* PBXContainerItemProxy */;
		};
		B69FB71E1D235C71003040BF /* PBXTargetDependency */ = {
			isa = PBXTargetDependency;
			target = B69FB6F71D235C71003040BF /* BusinessClass */;
			targetProxy = B69FB71D1D235C71003040BF /* PBXContainerItemProxy */;
		};
/* End PBXTargetDependency section */

/* Begin PBXVariantGroup section */
		B69FB7041D235C71003040BF /* Main.storyboard */ = {
			isa = PBXVariantGroup;
			children = (
				B69FB7051D235C71003040BF /* Base */,
			);
			name = Main.storyboard;
			sourceTree = "<group>";
		};
		B69FB7091D235C71003040BF /* LaunchScreen.storyboard */ = {
			isa = PBXVariantGroup;
			children = (
				B69FB70A1D235C71003040BF /* Base */,
			);
			name = LaunchScreen.storyboard;
			sourceTree = "<group>";
		};
/* End PBXVariantGroup section */

/* Begin XCBuildConfiguration section */
		B69FB7231D235C71003040BF /* Debug */ = {
			isa = XCBuildConfiguration;
			buildSettings = {
				ALWAYS_SEARCH_USER_PATHS = NO;
				CLANG_CXX_LANGUAGE_STANDARD = "gnu++0x";
				CLANG_CXX_LIBRARY = "libc++";
				CLANG_ENABLE_MODULES = YES;
				CLANG_ENABLE_OBJC_ARC = YES;
				CLANG_WARN_BOOL_CONVERSION = YES;
				CLANG_WARN_CONSTANT_CONVERSION = YES;
				CLANG_WARN_DIRECT_OBJC_ISA_USAGE = YES_ERROR;
				CLANG_WARN_EMPTY_BODY = YES;
				CLANG_WARN_ENUM_CONVERSION = YES;
				CLANG_WARN_INT_CONVERSION = YES;
				CLANG_WARN_OBJC_ROOT_CLASS = YES_ERROR;
				CLANG_WARN_UNREACHABLE_CODE = YES;
				CLANG_WARN__DUPLICATE_METHOD_MATCH = YES;
				"CODE_SIGN_IDENTITY[sdk=iphoneos*]" = "iPhone Developer";
				COPY_PHASE_STRIP = NO;
				DEBUG_INFORMATION_FORMAT = dwarf;
				ENABLE_STRICT_OBJC_MSGSEND = YES;
				ENABLE_TESTABILITY = YES;
				GCC_C_LANGUAGE_STANDARD = gnu99;
				GCC_DYNAMIC_NO_PIC = NO;
				GCC_NO_COMMON_BLOCKS = YES;
				GCC_OPTIMIZATION_LEVEL = 0;
				GCC_PREPROCESSOR_DEFINITIONS = (
					"DEBUG=1",
					"$(inherited)",
				);
				GCC_WARN_64_TO_32_BIT_CONVERSION = YES;
				GCC_WARN_ABOUT_RETURN_TYPE = YES_ERROR;
				GCC_WARN_UNDECLARED_SELECTOR = YES;
				GCC_WARN_UNINITIALIZED_AUTOS = YES_AGGRESSIVE;
				GCC_WARN_UNUSED_FUNCTION = YES;
				GCC_WARN_UNUSED_VARIABLE = YES;
				IPHONEOS_DEPLOYMENT_TARGET = 9.2;
				MTL_ENABLE_DEBUG_INFO = YES;
				ONLY_ACTIVE_ARCH = YES;
				SDKROOT = iphoneos;
			};
			name = Debug;
		};
		B69FB7241D235C71003040BF /* Release */ = {
			isa = XCBuildConfiguration;
			buildSettings = {
				ALWAYS_SEARCH_USER_PATHS = NO;
				CLANG_CXX_LANGUAGE_STANDARD = "gnu++0x";
				CLANG_CXX_LIBRARY = "libc++";
				CLANG_ENABLE_MODULES = YES;
				CLANG_ENABLE_OBJC_ARC = YES;
				CLANG_WARN_BOOL_CONVERSION = YES;
				CLANG_WARN_CONSTANT_CONVERSION = YES;
				CLANG_WARN_DIRECT_OBJC_ISA_USAGE = YES_ERROR;
				CLANG_WARN_EMPTY_BODY = YES;
				CLANG_WARN_ENUM_CONVERSION = YES;
				CLANG_WARN_INT_CONVERSION = YES;
				CLANG_WARN_OBJC_ROOT_CLASS = YES_ERROR;
				CLANG_WARN_UNREACHABLE_CODE = YES;
				CLANG_WARN__DUPLICATE_METHOD_MATCH = YES;
				"CODE_SIGN_IDENTITY[sdk=iphoneos*]" = "iPhone Developer";
				COPY_PHASE_STRIP = NO;
				DEBUG_INFORMATION_FORMAT = "dwarf-with-dsym";
				ENABLE_NS_ASSERTIONS = NO;
				ENABLE_STRICT_OBJC_MSGSEND = YES;
				GCC_C_LANGUAGE_STANDARD = gnu99;
				GCC_NO_COMMON_BLOCKS = YES;
				GCC_WARN_64_TO_32_BIT_CONVERSION = YES;
				GCC_WARN_ABOUT_RETURN_TYPE = YES_ERROR;
				GCC_WARN_UNDECLARED_SELECTOR = YES;
				GCC_WARN_UNINITIALIZED_AUTOS = YES_AGGRESSIVE;
				GCC_WARN_UNUSED_FUNCTION = YES;
				GCC_WARN_UNUSED_VARIABLE = YES;
				IPHONEOS_DEPLOYMENT_TARGET = 9.2;
				MTL_ENABLE_DEBUG_INFO = NO;
				SDKROOT = iphoneos;
				VALIDATE_PRODUCT = YES;
			};
			name = Release;
		};
		B69FB7261D235C71003040BF /* Debug */ = {
			isa = XCBuildConfiguration;
			baseConfigurationReference = 24F1FD5A186773CC107EF280 /* Pods.debug.xcconfig */;
			buildSettings = {
				ASSETCATALOG_COMPILER_APPICON_NAME = AppIcon;
				ASSETCATALOG_COMPILER_LAUNCHIMAGE_NAME = "Brand Assets";
				INFOPLIST_FILE = BusinessClass/Info.plist;
				IPHONEOS_DEPLOYMENT_TARGET = 7.0;
				LD_RUNPATH_SEARCH_PATHS = "$(inherited) @executable_path/Frameworks";
				PRODUCT_BUNDLE_IDENTIFIER = com.mgear.BusinessClass;
				PRODUCT_NAME = "$(TARGET_NAME)";
			};
			name = Debug;
		};
		B69FB7271D235C71003040BF /* Release */ = {
			isa = XCBuildConfiguration;
			baseConfigurationReference = 3D17152FF50CA3B226FE4669 /* Pods.release.xcconfig */;
			buildSettings = {
				ASSETCATALOG_COMPILER_APPICON_NAME = AppIcon;
				ASSETCATALOG_COMPILER_LAUNCHIMAGE_NAME = "Brand Assets";
				INFOPLIST_FILE = BusinessClass/Info.plist;
				IPHONEOS_DEPLOYMENT_TARGET = 7.0;
				LD_RUNPATH_SEARCH_PATHS = "$(inherited) @executable_path/Frameworks";
				PRODUCT_BUNDLE_IDENTIFIER = com.mgear.BusinessClass;
				PRODUCT_NAME = "$(TARGET_NAME)";
			};
			name = Release;
		};
		B69FB7291D235C71003040BF /* Debug */ = {
			isa = XCBuildConfiguration;
			buildSettings = {
				BUNDLE_LOADER = "$(TEST_HOST)";
				INFOPLIST_FILE = BusinessClassTests/Info.plist;
				LD_RUNPATH_SEARCH_PATHS = "$(inherited) @executable_path/Frameworks @loader_path/Frameworks";
				PRODUCT_BUNDLE_IDENTIFIER = com.mgear.BusinessClassTests;
				PRODUCT_NAME = "$(TARGET_NAME)";
				TEST_HOST = "$(BUILT_PRODUCTS_DIR)/BusinessClass.app/BusinessClass";
			};
			name = Debug;
		};
		B69FB72A1D235C71003040BF /* Release */ = {
			isa = XCBuildConfiguration;
			buildSettings = {
				BUNDLE_LOADER = "$(TEST_HOST)";
				INFOPLIST_FILE = BusinessClassTests/Info.plist;
				LD_RUNPATH_SEARCH_PATHS = "$(inherited) @executable_path/Frameworks @loader_path/Frameworks";
				PRODUCT_BUNDLE_IDENTIFIER = com.mgear.BusinessClassTests;
				PRODUCT_NAME = "$(TARGET_NAME)";
				TEST_HOST = "$(BUILT_PRODUCTS_DIR)/BusinessClass.app/BusinessClass";
			};
			name = Release;
		};
		B69FB72C1D235C71003040BF /* Debug */ = {
			isa = XCBuildConfiguration;
			buildSettings = {
				INFOPLIST_FILE = BusinessClassUITests/Info.plist;
				LD_RUNPATH_SEARCH_PATHS = "$(inherited) @executable_path/Frameworks @loader_path/Frameworks";
				PRODUCT_BUNDLE_IDENTIFIER = com.mgear.BusinessClassUITests;
				PRODUCT_NAME = "$(TARGET_NAME)";
				TEST_TARGET_NAME = BusinessClass;
				USES_XCTRUNNER = YES;
			};
			name = Debug;
		};
		B69FB72D1D235C71003040BF /* Release */ = {
			isa = XCBuildConfiguration;
			buildSettings = {
				INFOPLIST_FILE = BusinessClassUITests/Info.plist;
				LD_RUNPATH_SEARCH_PATHS = "$(inherited) @executable_path/Frameworks @loader_path/Frameworks";
				PRODUCT_BUNDLE_IDENTIFIER = com.mgear.BusinessClassUITests;
				PRODUCT_NAME = "$(TARGET_NAME)";
				TEST_TARGET_NAME = BusinessClass;
				USES_XCTRUNNER = YES;
			};
			name = Release;
		};
/* End XCBuildConfiguration section */

/* Begin XCConfigurationList section */
		B69FB6F31D235C71003040BF /* Build configuration list for PBXProject "BusinessClass" */ = {
			isa = XCConfigurationList;
			buildConfigurations = (
				B69FB7231D235C71003040BF /* Debug */,
				B69FB7241D235C71003040BF /* Release */,
			);
			defaultConfigurationIsVisible = 0;
			defaultConfigurationName = Release;
		};
		B69FB7251D235C71003040BF /* Build configuration list for PBXNativeTarget "BusinessClass" */ = {
			isa = XCConfigurationList;
			buildConfigurations = (
				B69FB7261D235C71003040BF /* Debug */,
				B69FB7271D235C71003040BF /* Release */,
			);
			defaultConfigurationIsVisible = 0;
			defaultConfigurationName = Release;
		};
		B69FB7281D235C71003040BF /* Build configuration list for PBXNativeTarget "BusinessClassTests" */ = {
			isa = XCConfigurationList;
			buildConfigurations = (
				B69FB7291D235C71003040BF /* Debug */,
				B69FB72A1D235C71003040BF /* Release */,
			);
			defaultConfigurationIsVisible = 0;
			defaultConfigurationName = Release;
		};
		B69FB72B1D235C71003040BF /* Build configuration list for PBXNativeTarget "BusinessClassUITests" */ = {
			isa = XCConfigurationList;
			buildConfigurations = (
				B69FB72C1D235C71003040BF /* Debug */,
				B69FB72D1D235C71003040BF /* Release */,
			);
			defaultConfigurationIsVisible = 0;
			defaultConfigurationName = Release;
		};
/* End XCConfigurationList section */
	};
	rootObject = B69FB6F01D235C71003040BF /* Project object */;
}
